
Microsoft Visual Studio Solution File, Format Version 12.00
# Visual Studio Version 16
VisualStudioVersion = 16.0.31105.61
MinimumVisualStudioVersion = 10.0.40219.1
Project("{FAE04EC0-301F-11D3-BF4B-00C04F79EFBC}") = "Example.Client", "Example.Client\Example.Client.csproj", "{AA97884F-F8CB-419A-868E-FE383A4C318C}"
EndProject
Global
	GlobalSection(SolutionConfigurationPlatforms) = preSolution
		Debug|Any CPU = Debug|Any CPU
		Release|Any CPU = Release|Any CPU
	EndGlobalSection
	GlobalSection(ProjectConfigurationPlatforms) = postSolution
		{AA97884F-F8CB-419A-868E-FE383A4C318C}.Debug|Any CPU.ActiveCfg = Debug|Any CPU
		{AA97884F-F8CB-419A-868E-FE383A4C318C}.Debug|Any CPU.Build.0 = Debug|Any CPU
		{AA97884F-F8CB-419A-868E-FE383A4C318C}.Release|Any CPU.ActiveCfg = Release|Any CPU
		{AA97884F-F8CB-419A-868E-FE383A4C318C}.Release|Any CPU.Build.0 = Release|Any CPU
	EndGlobalSection
	GlobalSection(SolutionProperties) = preSolution
		HideSolutionNode = FALSE
	EndGlobalSection
	GlobalSection(ExtensibilityGlobals) = postSolution
		SolutionGuid = {643C5842-7170-4A2D-A6CE-773797B398A2}
	EndGlobalSection
EndGlobal
